
Microsoft Visual Studio Solution File, Format Version 12.00
# Visual Studio Version 17
VisualStudioVersion = 17.8.34322.80
MinimumVisualStudioVersion = 10.0.40219.1
Project("{FAE04EC0-301F-11D3-BF4B-00C04F79EFBC}") = "AirsoftMAUI", "AirsoftMAUI\AirsoftMAUI.csproj", "{3D1BCE90-7D96-42E9-B54D-331C437F5162}"
EndProject
Global
	GlobalSection(SolutionConfigurationPlatforms) = preSolution
		Debug|Any CPU = Debug|Any CPU
		Release|Any CPU = Release|Any CPU
	EndGlobalSection
	GlobalSection(ProjectConfigurationPlatforms) = postSolution
		{3D1BCE90-7D96-42E9-B54D-331C437F5162}.Debug|Any CPU.ActiveCfg = Debug|Any CPU
		{3D1BCE90-7D96-42E9-B54D-331C437F5162}.Debug|Any CPU.Build.0 = Debug|Any CPU
		{3D1BCE90-7D96-42E9-B54D-331C437F5162}.Debug|Any CPU.Deploy.0 = Debug|Any CPU
		{3D1BCE90-7D96-42E9-B54D-331C437F5162}.Release|Any CPU.ActiveCfg = Release|Any CPU
		{3D1BCE90-7D96-42E9-B54D-331C437F5162}.Release|Any CPU.Build.0 = Release|Any CPU
		{3D1BCE90-7D96-42E9-B54D-331C437F5162}.Release|Any CPU.Deploy.0 = Release|Any CPU
	EndGlobalSection
	GlobalSection(SolutionProperties) = preSolution
		HideSolutionNode = FALSE
	EndGlobalSection
	GlobalSection(ExtensibilityGlobals) = postSolution
		SolutionGuid = {E07E5A3D-B8C5-41DE-B63B-24715BAB4ADF}
	EndGlobalSection
EndGlobal
